
Microsoft Visual Studio Solution File, Format Version 12.00
# Visual Studio 14
VisualStudioVersion = 14.0.25420.1
MinimumVisualStudioVersion = 10.0.40219.1
Project("{159641D6-6404-4A2A-AE62-294DE0FE8301}") = "BigData1", "BigData1\BigData1.dtproj", "{A20CB068-2EF1-4CEA-8A71-84D8F55CD66F}"
EndProject
Global
	GlobalSection(SolutionConfigurationPlatforms) = preSolution
		Development|Default = Development|Default
	EndGlobalSection
	GlobalSection(ProjectConfigurationPlatforms) = postSolution
		{A20CB068-2EF1-4CEA-8A71-84D8F55CD66F}.Development|Default.ActiveCfg = Development
		{A20CB068-2EF1-4CEA-8A71-84D8F55CD66F}.Development|Default.Build.0 = Development
	EndGlobalSection
	GlobalSection(SolutionProperties) = preSolution
		HideSolutionNode = FALSE
	EndGlobalSection
EndGlobal
